Lr! D�CDD�R3�91!4�!!H,@�D@�-���yhrG���m�ޗ�(u���Mi����{��jg��O�zַ嶛z_ܡ׾~��{�4���k��z�"�~�ҷ��[�vm�����"���ɪ�H�o�i����{��jg���(u����4����o_[u�w�9�Zi��m�}�ox�o4��z��u�܉�i�����X����Ѷ�z_�zw�j�+�M/z�"�~�ҷ��[�vm�����"���ɪ�H�o�i����z�������z������K`�W�w�}���W\��׹�ǷkW{M����iשzw^�Ȟ���z_�ʗ��M#��۝e�֬��{�K(���f�ӝ-�)��(!�]5m�ޗ�^������rب��ڙ������*'�M+z�%��a��l��ނ+-�,��zd��&���z_�zZ^����b��jg���^������rب��ڙ��K`ͮ�q�ӎ6����wn|��V�ۭ^}���שzw^�Ȟ���z_�zZ^������b���+r�Mi���צ�V�{�4m�ޗ�r��;�F�m���iz��zߟ�w-���j��˽4��슉��J޲�oy�m��?�����k�&��� r��m�ޗ�^��������rب�櫊ܿ��^��������rب�櫊ܾ�M-�?7罝�}�{f����~��]ws�������=sw^���zw"z��m��*^��4m�ޗ�^�����e�ߞƚ+��^rV�jب��4��슉��J޲�oy�m��?�����k�&��� r��m�ޗ�^�����e�ߞƚ+��^rV�jب�����iz���X���i��~u�%j������M-�=�i����7�W6i�=��}����xq�y�|�w^���zw"z��m��*^��4m�ޗ�b�b�{�KޮȨ��4��(�����i���z����j��(���m��(!�(!����(!�(!�����3�ts��9��wֶ�V�o��}���W�׸u�^�קr'�r��m4z˭�[6�h���$z{8�F�m����z������*'�M+z�%��a��l��ނ+-�,��zd��&���z_�j�������z���K`ϯ{�u�}����}���~7��_�g4۾����嶛z_�zjej׻�KޮȨ��4��(�����i���z����j��(���m��驕�^���zjej׾�M-�76m�|�N4��}s�Z��5�~�kg�on;��G^���zw"z��m�r�^��ڙ��Ѷ�z_�j���4m�ޗ�r��;�F�m����z��M/z�"�~�ҷ��[�vm�����"���ɪ�H�o�i����ڽ��{�����z���4�����o�z��_ݦ��giޟݽ��xw�}k�]z��u�܉�i����{��jg��F�m���ޭ�h��4m�ޗ�^������rب��ڙ��Ѷ�z_�zZ^��)�+~{h�ߝy�Z��b�~�Ѷ�z_�j���4m�ޗ�r��;�G^n�7�H%����]u�Zj�x׽tm�ޗ�r��;�KޮȨ��4��(�����i���z����j��(���m��*^����*^�����3��}׿www<�u�λ��|���s�_��z�]|u�^�קr'�z˭�[6�ihu�!�^���>}�-������6�I��Y����uث���jwwm���슉��Z޲�oy�m��?�����k�&��� r��������y�]�����q����i�b�秅��y߶�[`ϝ�i����Z߭9۶��N;��k]�ᦹ�G]yשzw^�Ȟ�ƥ���f�m�t�	ho�h���{t�I�u�bo��֭�Moz�"�}uڷ��[�vm�����"���ɪ�H�o�ץ��߲�Z���~�-jߵ�k`Ϟ�z㎶m�����i���~�s_���է6�-�H�����^v����*'םuַ��[�vm�����"���ɪ�H�o�r�$���z���޲ߵ�]u����㭞s����w�6�m��v�mu��6��z��u�܉�y�+{柵����$�]����+^�My���]!��~��1��z{v�Hm��>��1��z{v�Ihu�!�^���^���r�����צ�V�{m<���z���z춷���h���z��nW��KޮȨ�M���(�����i���z����j��(�������nz����ky�����nǫ���{�����jo������i�^�M���q����w��|y�;��q���~<�n��:�g�z��u�܉��/�nǫ���{M��*^�������M���슉��kz�%��a��l��ނ+-�,��zd��&�ܩz�޲��{��z�ky��m�7�ﷺ�מտ�gv�^�q���7��t��r��?��^��슉���+z�%��a��l��ނ+-�,��zd��&�ܩz��׿���u���-�=���u���׺�޴�����׿t�w7��|���i������*'�M+z�%��a��l��ނ+-�,��zd��&���o��i���m4��m�o�9y�w�;����|�t}��率oG�m�޿[ޮȨ�]u��(�����i���z����j��(���n�����m�޿�u��3��s�;i�tm����M9o�|����^�i�<i�-��-�W�zWh�}5�F����rߥz��v�'�]���슉��n+z�%��a��l��ނ+-�,��zd��&��춶���^��]�	�������rߥz��v�'�Mv��3�׵����{���Wy�]6�9ٮ�w��{�tu�^�קr'��קw}4i�+��%�����t��슉��J޲�oy�m��?�����k�&��� r��i�+��%������i�+��%�����5��3i���M�u����xww��Ww��ٽ����۝�u�^�קr'�i�+��4i�+���Ǎu��슉��Z޲�oy�m��?�����k�&��� r��i�+������i�+�����5��3{Ǹ��<y��{G<���ӭti������]�n^u�^�קr'�i�+��7i�+��4i�+��7i�+��wi�+�����슉��j޲�oy�m��?�����k�&��� r��i�+���i�+��{��3�W��|�~<��:�O<�M��8{��}��u�9j���ڱ�������{�t��슉��Z޲�oy�m��?�����k�&��� r��j���ڱ�����ߛjǾ�mm�7|��}�����;��sN����G��W���k�^���zw"zǬ��k�h�����F����
+v������*'�m+z�%��a��l��ނ+-�,��zd��&����G�ݳ��j;��찢�l�}�������:�g�͵i޷�w���ל�m|㶚��w����*'睫z�%��a��l��ނ+-�,��zd��&�����ڎ���k`Ͻ���kw�o�w{ww�6ٽ�էx�m9u�z�שzw^�Ȟ��8�Gڲߝy�~z���]4}�-�;(��-i�^��k�x"-��;(������ڽ��{M�j;��V���tj;��{ޮȨ��w��(�����i���z����j��(������j;���>�k��w_=y�����]����o^�N�u�t�^���zw"z�ڲߝy�~z���m5}�-�;(��-i�^��k�x"-��;(������ڽ��{N5�����6٩�楊	��KޮȨ�m4��(�����i���z����j��(����/��('��ڞȾjX������3s~�y�k��o�\y�y����G�oW}{~x���u�^�קr'�������a�M�Ⱦn�i�4�[ޮȨ�Mu��(�����i���z����j��(����/���ZrO������nV���5��3k�k�4��;�M[馟m��kGZu�_kǞ�ƶu�^�קr'�j{"�
ڧMtj{"�����[ޮȨ�Mu��(�����i���z����j��(����/���n{��j{"�����]m�>�m�4��\��[�n���]k_zu�w�\����w^���zw"zƧ�/���t�F��/��̚�Mu��슉��Z޲�oy�m��?�����k�&��� r��j{"��ɩ�����/��̚��5��3��<����Mu�_�;ӯw޽y��o�{��u�^�קr'�j{"�
ڧMtj{"�� ���]oz�"�}5ַ��[�vm�����"���ɪ�H�oڞȾn+y������/��
�z��[`χ���v��v��7����zm�w��\�5���שzw^�Ȟ����+j�5ѩ������ִ�[ޮȨ�Mu��(�����i���z����j��(����/��f�z{Z��ڞȾn	����k�5��3����}�Ӿ�i�}��|뽚���{_w�W6s��u�^�קr'�j{"�
ڧMtj{"��+y�5����*'�]kz�%��a��l��ނ+-�,��zd��&����������/�����Mu��������͛k���F�s^���8w��Ӎ]z��u�܉��Ⱦ¶��]�Ⱦn!�״�[ޮȨ�Mu��(�����i���z����j��(����/��b����������{�5��3�8�wﶹ�q��}�����6�ǵն�u�^�קr'�j{"�
ڧMtj{"��2zYh�Mu��슉��Z޲�oy�m��?�����k�&��� r��j{"��2zYh���j{"��2zYh��5��3sw������x﮸�M�{�;��ykF����w�u�^�קr'�j{"�
ڧMtj{"��ZrM5����*'�]kz�%��a��l��ނ+-�,��zd��&�����i�?����/���$�Mu���_9{�=߭۞9kW��G4m�:��8�M���z��u�܉��Ⱦ¶��]�Ⱦn[��]oz�"�}5ַ��[�vm�����"���ɪ�H�oڞȾn[���ڞȾn[��Mu���4��t{ݟs���x�������sm^u��z��u�܉��Ⱦ¶��]�Ⱦn�]�]oz�"�}5ַ��[�vm�����"���ɪ�H�oڞȾn�]��ڞȾn�]�Mu��{���F��٧�{��{���כ�^]ծ_�N]z��u�܉��Ⱦ¶��]�Ⱦr�h��6����*'�m+z�%��a��l��ނ+-�,��zd��&����(�����ڞȾr�h�ϴ�K`Ͻ��W^٭���q�i��q�|�w�og��~�שzw^�Ȟ�����nV��Muj{"�����V��/��̚�Muj{"�� ���]Z�Ⱦn	����kMuj{"��+y�5թ�����{Muj{"��2zYh�Muj{"��ZrM5թ����5թ����5թ��2j}5թ��b�Muj{"�
��Muj{"�
�z}5թ��+{-5թ��buק�]Z�Ⱦ�{ޮǴ�V��/���bsMuj{"�f�z{Z�]Z�Ⱦ��t�V��/�zǭ�]Z�Ⱦ����a����Muj{"���z�b��5թ��!�״�V��/�zYh�Mu����Ɯ���թ��2j}5����*'�]kz�%��a��l��ނ+-�,��zd��&����2j�����2j��[`ϝ�i�v���͟�ƞ�G|���׾9�ݺ��;�שzw^�Ȟ����+j�5ѩ��b�Mu��슉��Z޲�oy�m��?�����k�&��� r��j{"�ئ��ڞȾv)��]m�>4u��M�k�<����:o�������y����^���zw"zƧ�/���t�F��/��Ʃz�t����*'׍+z�%��a��l��ނ+-�,��zd��&����q�^���j{"��j���^4��ݯ�v��֚��߮�o]��\��u�m�ӧ��Ⱦz���7�KޮȨ�}t��(�����i���z����j��(����/��Ʃz������q�^�����3��Ӷ��]����}ޜ�w�ۖ�ۧ�k~�q��j{"�
��Mu��슉��Z޲�oy�m��?�����k�&��� r��j{"�
����j{"�
���5��3�޶q�xy�{�g8�tkw^o���~��W��nuu�^�קr'�j{"�
ڧMtj{"�
�z}5����*'�]kz�%��a��l��ނ+-�,��zd��&����+y������/����Mu��k�}k��{�|w���G�ߟ4o~��F�{]���z��u�܉��Ⱦ¶��]�Ⱦ����]oz�"�}5ַ��[�vm�����"���ɪ�H�oڞȾ�����ڞȾ����Mu����|o��ٶ����^���|�w�k�7�ַ��]z��u�܉��Ⱦ¶��]�Ⱦ�']z}5����*'�]kz�%��a��l��ނ+-�,��zd��&����buק��ڞȾ�']z��[`��zk�8��vm��m�����ٯ���}��}שzw^�Ȟ����+j�5ѩ�觽��{Mu��슉��Z޲�oy�m��?�����k�&��� r��j{"�)�z���ڞȾ�{ޮǾ�]m�6�i�9�n�{ͺm���ƺs�|���~yq�v��^���zw"zƧ�/���t�F��/���bsMu��슉��Z޲�oy�m��?�����k�&��� r��j{"�+Z�'?����/���bs�5��3�N;�~:�����x٭7��q�9yֺ��|���u�^�קr'�j{"�
ڧMtj{"�f�z{Z�]oz�"�}5ַ��[�vm�����"���ɪ�H�oڞȾ���ֿ����/�j�����[`�N�o��ק����{Wu��ӷ4k�]{]^�}yשzw^�Ȟ����+j�5ѩ���wMu��슉��Z޲�oy�m��?�����k�&��� r��j{"�����ڞȾ��~�]m�?���t�O4ѭ���\��<k�\k����x��^���zw"zƧ�/���t�F��/�z��M/z�"�}�ַ��[�vm�����"���ɪ�H�oڞȾ�����j{"���{��[`����v����G|���oӎ�i��n��}���ށ�w�KޮȨ�}4��(�����i���z����j��(����/�z���ڞȾ�������3y�7׷7�m:���㮜�oz�]o�9i��w�|j{"���z�5����*'�]kz�%��a��l��ނ+-�,��zd��&����ޱ�����/�zǭ�Mu������ݜ���u�xw����s�4��4�]\ݾ�z��u�܉��Ⱦ¶��]�Ⱦ����a����Mu��슉��Z޲�oy�m��?�����k�&��� r��j{"��k�G���.������-�)��~�]m�7|���׍���ӷus��mǺ��8�<���^���zw"zƧ�/���t�F��/��)^�m���슉��Z޲�oy�m��?�����k�&��� r��j{"��r��?����/��)^�����3o��u�����߇{���~�ۍ9�w5u��j{"��r��7�F��/��)^�}���슉��Z޲�oy�m��?�����k�&��� r��j{"��r��?����/��)^�����3�W�om6�w�ѽvm�ӆ�u�[N��G�]u�^�קr'�r�h��(����_tj{"���z�b��5����*'�]kz�%��a��l��ނ+-�,��zd��&����u��w�����/��׫�)��Mu��}�v��������k^�u�}�|�}<i��ծz��u�܉��Ⱦ¶��]�Ⱦ��{Mu��슉��Z޲�oy�m��?�����k�&��� r��j{"�b�������!�׾�]m�?\��s_ws���ݞ�Muw~�s�=�V��=�^���zw"zƧ�/���t�F��/���t�KޮȨ�Mt��(�����i���z����j��(����/�������/���~�]-�6��ntu���^^���q�6{͞k�7m��㗟i���/�zYh�Mu��슉��Z޲�oy�m��?�����k�&��� r��j{"�'���?����/�zYh��5��3q�w�����}�����׺�M�疻�ּ��]u�^�קr'�j{"�
ڧMtj|��������7����*'�}+z�%��a��l��ނ+-�,��zd��&������z��nW���������i�^�M������^��:k�����Otu�^��u��ڟ/������5����*'�]+z�%��a��l��ނ+-�,��zd��&������+��ڟ/�������K`���o�4i����ߎuw�����m�4�=�����\�m4��슉��J޲�oy�m��?�����k�&��� r��j|�j�!��ڟ)���~�M-�6�on����~���i�{o��i�={�;���y�^���zw"zɢr�&j�!�^'����,�����muj�^�߭���~��Ӎ/z�"�}8ҷ��[�vm�����"���ɪ�H�oڦ��w�kj{�����������ڞ��o��K`���y��q�xwn�{n;k~�i�8k�����_}�שzw^�Ȟ�ןj�m����*���mz{"�{5�F�����M�z�"�}vҷ��[�vm�����"���ɪ�H�oڦ�k��j��m���K`ϯ4��뇟w_��ս�^����۶���xi������{잷]v��슉�ך޲�oy�m��?�����k�&��� r��j���﭅���'���ڭ�{�az����~�^m�>ߗ6��ӭ���u���];�M����u���W^���zw"z�^����5�J�i֛�זּ���m:j�)j��N�z�"�}t�J޲�oy�m��?�����k�&��� r��j�)j���ڮ
Z�Ǿ�Mt��q޻�W�姴���{^��}��w��xѽ��]]z��u�܉�,�������]6j�/��(��5����*'�]kz�%��a��l��ނ+-�,��zd��&����h�[?��������l�Mu���ͼ����v�k���^8ѽv��\w�[���}�z��u�܉��������m4~)�������MZ�������KޮȨ�m4��(�����i���z����j��(�����b}������؟����3����n���Z�z�޽���nzi��y���u�^�קr'�j��~V�����V���b}�4����*'�M+z�%��a��l��ނ+-�,��zd��&����؟��j��v'���4��뎵Ӿy��s�^��y�~{�V��ֹu���m�����mz}tժ���Z�ק�Mڮ����mz}u����*'�]+z�%��a��l��ނ+-�,��zd��&�����Z�ק��ڮ����mz��K`�~����}���;{]��7ק=���y�Z{�_ժ����]5��슉��Z޲�oy�m��?�����k�&��� r��j������ڮ����~�Mm�=x�ty޹}�5�4�����{sg��m���߇^���zw"zȬ�{�m���F��맊���KޮȨ�}t��(�����i���z����j��(����맊������맊���]-�7���=i�u��림m:{o<i���_[i��s�����m�$�M/z�"�}�ҷ��[�vm�����"���ɪ�H�oڮ��������j�����rO��K`ϯ;��w�^q�\����]�}����_{�{��6�שzw^�Ȟ�ܩ�ƥۭZ�����j]t����*'�M+z�%��a��l��ނ+-�,��zd��&���k/�����ڮ����j_��K`��6k��ێ�}�^k�6oNﶻ�Owm���=ݪ�k/���nu�7�{ޮȨ�}7��(�����i���z����j��(�������w%�׬��ڮ���)ܖ�^�����3�������vw�9ٶ�ս��^�s��m�6ۮ�u�^�קr'�u��﩮�^�؞�]vzϚn�ki�u�F�����x��]5��슉��j޲�oy�m��?�����k�&��� r��j���맊���������x���t��3����]���ֶ�ך߾[{���G���y��u�^�קr'�j���맊�tժ�k/��*��[ޮȨ�]7��(�����i���z����j��(�������x���ڮ������t��3i��s��kn\s����9��x����_u��}��j���맊���moz�"�}6ַ��[�vm�����"���ɪ�H�oڮ�������������x����[`ͭ]��i�sn���;���q���ts��V�ݪ�k/��*�{M���슉��j޲�oy�m��?�����k�&��� r��j���맊����ڮ�������}��6������s��q޻���ێ��|��{gx�ƫ�'��M����]5��슉��Z޲�oy�m��?�����k�&��� r��j��/�������Mm�?=�<u��ۧ��G_�N;��9��=s^tծ�֬�X��M/z�"�~5�Z޲�oy�m��?�����k�&��� r��j�������'�;>�]5���͛�4��^놚u����kf�i��k���z��u�܉��;8�H����ʹ�h��f���bs欱���M�}t�{ޮȨ�M���(�����i���z����j��(����_���'��6��3�ݸ�_i�yݶ����o��׼�F��Ƕ�]�u�^�קr'���ޯ��}���]�ǫ��e��tѫ,z�~�[��M/z�"�}tҷ��[�vm�����"���ɪ�H�oڲǫ��e�����,z�~�[��]4���g�w9w��ѽ\u�u�x����5{�]�nZ�Ƞ��2��%�]4��슉��J޲�oy�m��?�����k�&��� r��j�"���f�����,�	��)��[>�M-�>}���W�u��Gm͛oޛ�����y�7붬������{t����*'�M+z�%��a��l��ނ+-�,��zd��&��-��~�����j�kj_�z��]4��s�7}�6��x���_۶�ۿ6i���ƺ}�Z�)��X��׫�M/z�"�}tҷ��[�vm�����"���ɪ�H�oڳ)��X��׫��ڳ)��X��׫�]4�����w�7wN�i�5m���|���{��������)��^�)�۝/z�"�}�ַ��[�vm�����"���ɪ�H�oڳ)���ڳ)��n���ێZ�w�_w�N8y�w}�:i�4kw��Κ�]z��u�܉�%�֬��{�F��w$��8����*'Ӎ+z�%��a��l��ނ+-�,��zd��&��2��"���j̧rH��N4���ם���~o��m�[s��ѷ߮���o�Z����[ޮȨ�mv��(�����i���z����j��(��������ho����3��y׷���7�ݸ߮��u{Λw��]��w=k>�('�N���슉��J޲�oy�m��?�����k�&��� r��k>�('���k>�('��;��3o����=߆���_�ݟ��:w��k��ow�寮k8��/z�"�}|ҷ��[�vm�����"���ɪ�H�o���?�������K`���M��ƽ{������O=�{og���8k�6}��z_��׾~��{������*'�n���(�����i���z����j��(���m�~r�^��ڙ�����z_��׾~��{��K`ϭ�w����5{v��Ƿ��;u�{~�kw����mשzw^�Ȟ��Z�Mu��.�)l�M���h����M�i����+{�4m�ޗ�(���F�m�~r���n���슉�ۭ�z�%��a��l��ނ+-�,��zd��&���z_�������m�~r�������3og�O^ߍ����ǶM�Ӯ���v���sm;u�^�קr'�m�ޗ�(u���n�m�ޗ���ڶ��ۭi��������n5m�ޗ鞲Ơzζ�F�m�~��"�׫�n�m�ޗ��ئ{��Ѷ�z_�zjej׺ۭi����ڽ��{��Ѷ�z_�ʗ��n�m������{ޮ߬���{隧^uu��n���'�Nu��Z�5�)���wӊZ���曲�n��t֚⽫^�_,��!�M,���{隧N{m�ޗ笖)��M/z�"�tҷ��[�vm�����"���ɪ�H�o�i����%�{���m�~z�b�߽�K`Ϸ}�_�W����i���]y������o���שzw^�Ȟ���z_ܡ׾~��{�4m�ޗ�Z�ǫ�Mi����ڽ��{�4m�ޗ�r��;�G��)���(�����%�{~�+"������Mi����z������F�m�~��ޭ�h�������*'�n���(�����i���z����j��(���m�~��ޭ�h���m�ޗ���ڶ���n����8��wo��w~Z�Nk��������M[w�z��u�܉�i���g������Ѷ�z_��{b���F�m�~�*^����׭y�~�w^��4�;��w�Zj�x׾,���{隧N{��������tն�z_�zZ^���W^��❪���,�	�z{~���j�+�����+�n5��슉�ۍkz�%��a��l��ނ+-�,��zd��&���z_�zZ^���W^��❪���,�	�z{~���j�+�����+���i�������n�u��n)گ/��Ƞ�g���)z������ȭ���ۍm�7{�u��Zߞ��m�mƞ�6sf���k���^���zw"z��m�~��iz��ƙhuȠ���{籦���*'�n5m�ޗ��ئ{��Ѷ�z_�ʗ��n5m�ޗ�^����ƥ��^�����[ޮȨ���ַ��[�vm�����"���ɪ�H�o�i�������q�e�ץz�{��m�ޗ�^����ƥ��^����ۍm�7�{��q�\笠����W����[wGZkg_��^���zw"z��m�~��iz���+-������zζ�V�m�~���g��mi����ڽ��{��ն�z_�ʗ��n5m�ޗ�^����ן�w���zۍoz�"�~��J޲�oy�m��?�����k�&��� r��m�ޗ�^����ן�w������m�~��iz��y��{隧��K`ͮ_�Zo�Zۗ��������q�|���巹}שzw^�Ȟ���z_�zZ^����b��jg�ۍ[i������)��n�m�ޗ�r��:ۭ%�֬��{ᶛz_�zZ^�籦Z{欲('i�^��i��,���ۍoz�"�~��Z޲�oy�m��?�����k�&��� r��m�ޗ�^�����i��^��,�	�nW�{kz�"�����z_�zZ^�籦Z{欲('i�^��i��,����n5��ۖ����u�t�}���ӟvw���4iͶq��z��u�܉�i������)��m�m�ޗ�kj�����V�m�~�*^���ն�z_�zZ^����b��jg�ۍoz�"�~��Z޲�oy�m��?�����k�&��� r��m�ޗ�^������rب��ڙ�����z_�zZ^����b��jg��n5��ߎ�o�4��}�n6kn[���զ��}w~|ѯ]z��u�܉�i���������~~�ܶ*'���.��V�m�~���g��mi���צ�V�{��ն�z_���ޮǺۍ[i���ܩzζ�V�m�~��iz��zߟ�w-���j��˭�����*'�n5��(�����i���z����j��(���m�~��iz��zߟ�w-���j�����m�ޗ�^��������rب�櫊ܾ�n5����٦�ߍ;s�]ݦ���<�[�}[վ��w]z��u�܉�i������)��m�m�ޗ�r��:ۍ[i������������ڮ&���:ۍoz�"�~��Z޲�oy�m��?�����k�&��� r��m�ޗ�^����"�߯j��nW����i������������ڮ&���>�n5��y���=s�v�wy�[s�u���4�k��z��u�܉�i������)��m�m�ޗ�r��:ۍ[i���������b�+�ƥ�籦���*'�n5��슉�ۍkz�%��a��l��ނ+-�,��zd��&���z_�zZ^��)�)���jY~{kz�"�����z_�zZ^��)�)���jY~{kz�"��ۍm�7�k]�۶������}�}��xk���guێ6�^���zw"z��m�~���g��mi���ܩzζ�V�m�~��iz��z��n5��슉�ۭ+z�%��a��l��ނ+-�,��zd��&���z_�zZ^��ށ����m�~��iz��z������3�n\����g����o�iǞwM���x�=���u�^�קr'�m�ޗ��ئ{��Ѷ�z_�ʗ��n���Z�5��m�~��iz��zf���2�ϭ����ڶ��ۍoz�"�~��Z޲�oy�m��?�����k�&��� r��m�ޗ�^������j���)���>��ޭ�h���m�ޗ�^������j���)���>��ޭ�h���[`ϗ���|۶��m�y�]��_��v�t뾞�umשzw^�Ȟ���z_�zZ^����b��jg�ۍ[i������)��m�m�ޗ�^��Z���V�m�~���z��n5m�ޗ�r��:ۍ[i���������eiǾ��^�ζ�[ޮȨ���ַ��[�vm�����"���ɪ�H�o�i���������eiǾ��^������z_�zZ^��ަV�{�.��������3m��m�����w^��ֶ�w���ti�Zu�^�קr'�m�ޗ�^�����m�h�{��_�ƚ޲Ȩ���ն�z_�z���:�}i������)��m�m�ޗ�^��Z���V�m�~���z��n5m�ޗ�r��:ۍ[i��������n5��슉�ۍkz�%��a��l��ނ+-�,��zd��&���z_�zZ^������z_�zZ^�Ϻۍm�=��W^�ƞs<{�<�G�����u���6og^���zw"z��m�~���g��mi���צ�V�{��ն�z_�z�vߍ�z�"�}��j޲�oy�m��?�����k�&��� r��m�ޗ�޲�����z_�z�~�~6��۾�{���ƹw��ޞ���_���׭=��z��u�܉�i����n�)���Z����^�i����ޱ�~��-�}�m�ޗ鞲Ơzζ�KޮȨ���ҷ��[�vm�����"���ɪ�H�o�i���g������m�ޗ鞲ƠzϺ�}-�7�q���M���7彚��us����_�ζn���^���zw"z��m�~���g��mi����n�)�r����My��'�֧�ζ�KޮȨ���ҷ��[�vm�����"���ɪ�H�o�i����n�)�r����My��'�֧������z_���"��!y�>zʹן��{-j{l�����3ߝy��t׍�}ݟ}��kw������u�~[m�u�^�קr'�m�ޗ��ئ{��Ѷ�z_���"�籵��j_�zZ^�ζ�KޮȨ���ҷ��[�vm�����"���ɪ�H�o�i����n�)�{^�v���������i����n�)�{^�v�����������3�o9��f��ם{�u��:��:i�y��u�^�קr'�m�ޗ��ئ{��Ѷ�z_���"�謵�ۺ^5����*'�^�z�%��a�������k�zf��+���m�~�[����֧n����m�~�[����֧n�~�^��=�s�[�_vy��W9o~��m[�{�]��Z�^���zw"z��m�~�[����{Z����-�����)���]�~)���v�H���ۺ_������k�g��]t�׬��r[�{��m�ޗ�e���7���h��v�m/z�"�}��J޲�oy�m��?�����k�&��� r��m�ޗ�e���7���h�����m�~�[���z�~�������K`��}���\k�4զ�y�{k�z�y���z���z_���"��2�ֱ��2�ϟ�w-�����/z�"�~��J޲�oy�m�����"��򞙣������z_���"��2�ֱ��2�ϟ�w-������i����n�)��)�k��)����rب�Ϻ�}-�7w�w]}վZw��m��i�<�m���:�����m�~�[����{Z��%j�>��)z�bzμ����*'�]���(�����i��ނ+-�)�;(��i����n�)��)�k���,������?���m�~�[����{Z��%j�>��)z�bzϺ�}-�7{y��o�Z�^��7����N[�n��ޜiͻu��m�~�[����{Z�籦�ޞؚ�*'��^��h��4��슉��}+z�%��a�������k�zf��+���m�~�[����{Z�籦�ޞؚ�*'��^��h���m�ޗ�e���̧��~{h��퉫b����ڶ���]���y���}���k�v�ʹծ���׽7׿7�כi����n�)��)�k���:��/z�"�~��J޲�oy�m�����"��򞙣������z_���"��2�ֱ��h���m�ޗ�e���̧��~~Z0��|��3���om٧�馶��v��ys|s���M���m�ޗ�e���̧��~���r߫z�~���i޵�F�m�~�[����{Z����-�����)����/z�"�~��J޲�oy�m�����"��򞙣������z_���"��2�ֱ���y�~��-��ky����m�~�[����{Z����-�����)����w��3}޹ߧ�mǵ���}��k�9��=�v����ݷ�m�ޗ�e���̧��~����)����rب��(�f��m���슉��m+z�%��a��l��ނ+-�,��zd��&���z_���"��2�ֱ��ڊX�����b���i����m�ޗ�e���̧��~����)����rب��(�f������3m�7�Ow��ӧ��_4k��{Gy�^�}�w���m�ޗ�e����ڞ��o��)���>��ޭ�h�������*'�n5��(�����i���z����j��(���m�~�[������~����2�ϭ����ڶ�����m�~�[������~����2�ϭ����ڶ���n5���~�߿}��oWy�^�sG����{����<�]z��u�܉�i��������隧��w>���zw�j�+�n5m�ޗ�e���̧��~j̧s���b�{:�F�m�~���g��mi����n�)������+��%j�>��)z�bzζ�[ޮȨ���ַ��[�vm�����"���ɪ�H�o�i����n�)������+��%j�>��)z�bz�����z_���"��kj{���rV���k����'������3����k�]�ww���o�ui�]y�5k�[㦜u�^�קr'�m�ޗ�^������rب��ڙ��V�m�~�[����{Z��%j�>��)z�bzμѶ�z_��{b���F�m�~�驕�^�n5m�ޗ�e����ڞ��o��m5�櫮�>~�ܶ*'�������*'�m���(�����i���z����j��(���m�~�[������~����6�^~j������b�{?���m�~�[������~����6�^~j������b�{>�m����n�����Wy�]s����8�Ǹտ_ێ�m]z��u�܉�i������)��m�m�ޗ�e����ڞ��o��m5����>��)yߟ�w-����m���슉��m+z�%��a��l��ނ+-�,��zd��&���z_���"��kj{���zʹן���$��(��~~�ܶ*'���m�ޗ�e����ڞ��o��m5����>��)yߟ�w-��������3m�9վ=޸w�o�|{F���6�n:q���^5u�^�קr'�m�ޗ��ئ{��Ѷ�z_���"��kj{���zʹן���$��(�)��m���슉�ۭ+z�%��a��l��ނ+-�,��zd��&���z_���"��kj{���zʹן���$��(�)����i����n�)������+���My��hrO�r�b��ۭ-�7{��v��5�Oӗ5��:��woF����o_=��^���zw"z��m�~���g�ۭi���צ�V�{��Ѷ�z_���ޮǺۭi���ܩzζ�Ihu�!�^�m�ޗ�e����ڞ��o��m5��%j��������*'�n5��(�����i���z����j��(���m�~�[������~����6�^~rV���?���m�~�[������~����6�^~rV���>�n5��k�9�ts�=�^�὚ݷ�m�{kn|���z��u�܉�i�������u���j���V�m�~��iz���w-�������n5m�ޗ�^�����m�h�{��_�ƚ޲Ȩ���ն�z_�zZ^��ަV�{�.����n5m�ޗ鞲Ơzζ�F�m�~���g��mi���צ�V�{��ն�z_���ޮǺۍ[i���ܩzζ�V�m�~�[������~����6�^~r���ם������:�m/z�"�~��Z޲�oy�m��?�����k�&��� r��m�ޗ�e����ڞ��o��m5��(���yߩ��^�؞���m�ޗ�e����ڞ��o��m5��(���yߩ��^�؞���[`ϧ�ٯׯ=��z߇�q�}���ߏ4k}<ן[�שzw^�Ȟ���z_��{b���F�m�~�驕�^�n5m�ޗ�e����ڞ��o��m5��^���r۫�x:�}/z�"�~��J޲�oy�m��?�����k�&��� r��m�ޗ�e����ڞ��o��m5��^���r۫�x?���m�~�[������~����6�^~u�-��-������K`��{m�_զ����gvoO;�����z�����zuשzw^�Ȟ���z_��{b���F�m�~�[������~����6�^~v�e�ƭ{��ζ�KޮȨ���ַ��[�vm�����"���ɪ�H�o�i����n�)������+���My�۩�'��{+?���m�~�[������~����6�^~v�e�ƭ{��Ϻۍm�>�y���]k޽{w���=��w�Z��y�6��^���zw"z��m�~���g��mi���ܩzζ�V�m�~�[������~����6�^~~������KޮȨ���ҷ��[�vm�����"���ɪ�H�o�i����n�)������+���My��+������m�~�[������~����6�^~~������}-�7���yof��w_���q͟u���~����ۏ:�W^���zw"z��m�~���g��mi����n�)������+���My���rب��ڙ��KޮȨ���ַ��[�vm�����"���ɪ�H�o�i����n�)������+���My���rب��ڙ�����z_���"��kj{���zʹן��w-�����������3�~��9ݷ7�ZG�k�9u�������i�u�^�קr'�m�ޗ�^������rب��ڙ��V�m�~���g��mi���ܩzζ�V�m�~�[������~����6�^~�+^��l�m���슉��m+z�%��a��l��ނ+-�,��zd��&���z_���"��kj{���zʹן��׫j[?���m�~�[������~����6�^~�+^��l�����3��xkM���z���ם��M}k}]�_v�~�q��u�^�קr'�m�ޗ��ئ{��Ѷ�z_���"��kj{���zʹן��ۥzϚ�޶�F�m�~�[������~����6�^~��n��>jgzۍoz�"�~��Z޲�oy�m��?�����k�&��� r��m�ޗ�e����ڞ��o��m5��v�^��w��m�ޗ�e����ڞ��o��m5��v�^��w��[`�v�{�4׽���6w�u����W8mݟ�F���y�שzw^�Ȟ���z_���"��kj{���zʹן��ۥzϜ�i��;:ۍ[i������)��m�m�ޗ�^��Z���V�m�~�[������~����6�^~��n��>r���x��m�m�ޗ�e����ڞ��o��m5��v�^��(�j'�ζ�[ޮȨ���ڷ��[�vm�����"���ɪ�H�o�i����n�)������+���My�j�W���&�����m�ޗ�e����ڞ��o��m5��v�^��(�j'�Ϻۭ��>|k�w�����k��m�9k�5�^�}�6���w^���zw"z��m�~�[������~����k��~��^�n5m�ޗ��ئ{��Ѷ�z_�zjej׺ۭi���ܩzζ�F�m�~�[������~����6�^~��n��>�+-zh��m���슉�ۍkz�%��a��l��ނ+-�,��zd��&���z_���"��kj{���zʹן��ۥzϬ��^�;?���m�~�[������~����6�^~��n��>�+-zh������3}�=k^6o�u��t�_y��ӧ�}9w�4�ݷu�^�קr'�m�ޗ�^����"�߯j��nW��n5m�ޗ��ئ{��Ѷ�z_�zjej׺ۍ[i����n�)������+���My�j�W����m���슉�ۍkz�%��a��l��ނ+-�,��zd��&���z_���"��kj{���zʹן��ۥzϮ������z_���"��kj{���zʹן��ۥzϮ�ߺۍm�6�����o9q�|y޵劣o�;w�6ߎw8��^���zw"z��m�~�[������~����6�^~��n��>jgzۍ[i������)��m�m�ޗ�^��Z���V�m�~�[������~����6�^~���r߬����m���슉�ۍkz�%��a��l��ނ+-�,��zd��&���z_���"��kj{���zʹן�n7���.������m�~�[������~����6�^~���r߬��������3ۇ�Z{m\o����:�wZwM���y����u�^�קr'�m�ޗ�^���������˩z�:ۍ[i������)��m�m�ޗ�e����ڞ��o��m5��Z�������m���슉�ۍkz�%��a��l��ނ+-�,��zd��&���z_���"��kj{���zʹן�j��z׫���m�ޗ�e����ڞ��o��m5��Z�����������3綜ߝZo�\i�xk��w]������_Ѯ����u�^�קr'�m�ޗ�^����ƥ��^�����V�m�~��iz��zߟ�w-���j��˭�ն�z_��{b���F�m�~�驕�^�n5m�ޗ�kj�����V�m�~�*^���ն�z_���"��kj{���zʹן���텩�������:�m/z�"�~��Z޲�oy�m��?�����k�&��� r��m�ޗ�e����ڞ��o��m5��!��ajw~��)z�bz�����z_���"��kj{���zʹן���텩�������>�n5����;�޻�W<﮵m�}��:�g���xu��i�z��u�܉�i������)��m�m�ޗ�r��:ۍ[i����n�)������+���My��ky�z�m/z�"�~��J޲�oy�m��?�����k�&��� r��m�ޗ�e����ڞ��o��m5��)�����i����n�)������+���My��ky�~�m����޼k�_�֞u�9ߧ<ծx��w����]z��u�܉�i������)��m�m�ޗ�e����ڞ��o��m5��-��2���{��KޮȨ���ַ��[�vm�����"���ɪ�H�o�i����n�)������+���My��brL������m�ޗ�e����ڞ��o��m5��-��2���{�ۍm�=4sWoV�k�u�gG�]�sg��9��m�^���zw"z��m�~��iz��z��n5m�ޗ��ئ{��Ѷ�z_�ʗ��n5m�ޗ�e����ڞ��o��m5��^��Z�壘׫j[:�m/z�"�~��J޲�oy�m��?�����k�&��� r��m�ޗ�e����ڞ��o��m5��^��Z�壘׫j[?���m�~�[������~����6�^~�驕�^�X�z�����K`ͯ8o~9����������zw�;u�8m�vߧ|uשzw^�Ȟ���z_��{b���F�m�~�[������~����6�^~�*^����f藭�����*'�m���(�����i���z����j��(���m�~�[������~����6�^~�*^����f���m�ޗ�e����ڞ��o��m5��r���̦n�~�m���y�=Wu���vi��w�9s��]qǛ߽�z��u�܉�i������)��m�m�ޗ�e����ڞ��o��m5�막�{�ށ�z�m/z�"�~��Z޲�oy�m��?�����k�&��� r��m�ޗ�e����ڞ��o��m5�막�{�ށ����m�~�[������~����6�^~�x��׾�����[`���o]��g��}�������ƻs�����o~^�שzw^�Ȟ���z_�zZ^��ށ�zۍ[i������)��m���ƛ�r���Mi����n�)������+�籦�ޞؚ�*'��^��h�������*'�n5��(�����i���z����j��(���m�~�[������~����i�w��&�������j�+���i����n�)������+�籦�ޞؚ�*'��^��h���[`�f���\��������t��m�5�����{v�yשzw^�Ȟ���z_�zZ^���W^��❪���,�	�z{~���j�+�����+�n5m�ޗ�e���̧��~{h��퉫b����ڶ���F�m�~���g��mi����n�)������+��������ܩzζ�KޮȨ���ҷ��[�vm�����"���ɪ�H�o�i����n�)������+��������ܩz�����z_���"��kj{���~Z0��k���ʗ������3�뽽ߗx߽x}�7ٷ�z��;�\�u�^�קr'�m�ޗ�e���̧��~~Z0�_4m�ޗ��ئ{��Ѷ�z_���"��kj{������r߫z�~���i޶�KޮȨ���ҷ��[�vm�����"���ɪ�H�o�i����n�)������+����-�����)�����i����n�)������+����-�����)�������3����ݝ�G���{gxov�׎��~������:u�^�קr'�m�ޗ�e���̧��~���r߫z�~���i޼Ѷ�z_��{b���F�m�~�[������~�����zw�j�+�m���슉�ۭ+z�%��a��l��ނ+-�,��zd��&���z_���"��kj{�������ڶ�����m�~�[������~�����zw�j�+�����3{N�߯z}�^۷�kw�q��q��������u�^�קr'�����ڶ�������+�MtѶ�z_���"��kj{������g��}/z�"�~��J޲�oy�m��?�����k�&��� r��m�ޗ�e����ڞ��o��{b������z_���"��kj{������g��m����tw�:�M�k��{��oG��ל��}�[��z��u�܉�i������)��m�m�ޗ�e����ڞ��o������u��[ޮȨ���ַ��[�vm�����"���ɪ�H�o�i����n�)������+��-�'-�j{��m�ޗ�e����ڞ��o������u�ۍm�7y}��i�{�m���W��Z{N�λ�m;��^���zw"z��m�~���g��mi���ܩzζ�V�m�~��r~)e�n���슉�ۭ+z�%��a��l��ނ+-�,��zd��&���z_��\��Y���m�~��r~)e�����3߿}߶�s����y��uζ�����}��^wu�^�קr'�m�ޗ��ئ{����+{��۝+z�z������{b��5Ӗ�m�~���zߞ��{����*'׽+z�%��a��l��ނ+-�,��zd��&���z_����秿��m�ޗ�kzǭ����^���y��}�m���wߗZoN�ۭ��\Ӈ_ﶝz��u�܉�i����n�)�r����My��'�֧�ζ�F�m�~�[����{Z��kj)b���w-���r��jζ�F�m�~�[������~����2�ϭ����ڶ���mi����n�)������+���My�����w-����m�m�ޗ�e����ڞ��o��m5����>��)yߟ�w-����m�m�ޗ�e����ڞ��o��m5����>��)�x:�}i����n�)������+���My��Z�Ǭ�m�m�ޗ�e����ڞ��o��m5��(���yߩ��^�؞���Ѷ�z_���"��kj{���zʹן�z�k��n�)��m�m�ޗ�e����ڞ��o��m5��n�X�j׾���m�m�ޗ�e����ڞ��o��m5�����m�m�ޗ�e����ڞ��o��m5����b��jg��mi����n�)������+���My�X�z�����Ѷ�z_���"��kj{���zʹן��ۥzϚ�޶�F�m�~�[������~����6�^~��n��>r���x��m�m�ޗ�e����ڞ��o��m5��v�^��2�צ�ζ�F�m�~�[������~����6�^~��n��>�gz�}i����n�)������+���My���y�~��^���Ѷ�z_���"��kj{���zʹן�j��z׫���Ѷ�z_���"��kj{���zʹן���텩�������:�mi����n�)������+���My��ky�z�mi����n�)������+���My��brL���ǭ�Ѷ�z_���"��kj{���zʹן�zjej׾�+^��l�m�m�ޗ�e����ڞ��o��m5��r���̦n�z�}i����n�)������+���My���r�^���{��F�m�~�[������~����i�w��&�������j�+�m�m�ޗ�e����ڞ��o�z�z������F���b����)�j���ݶ�Ǧ����F�m�~���zߟ��:�}/z�"�~��J޲�oy�m��?�����k�&��� r��m�ޗ�kzǭ��h���m�ޗ�kzǭ��h���K`����_<�<姽kn巸ׯZ}����5��=uשzw^�Ȟ���z_���"��kj{���~Z0��k���ʗ��m�m�ޗ�kzǭ�7��m�����*'�}���(�����i���z����j��(���m�~���zߣz����m�~���zߣz�~�}���y���v�����V�k����5�~�ٷ�k�]k��z��u�܉�i����n�)���-�"�ݷ�F�m�~�[����{Z����-�����)���]�m�ޗ�ނ+-z���KޮȨ���ҷ��[�vm�����"���ɪ�H�o�i�������^���m�ޗ�ނ+-z��ۭ-�>�wM�׽����Ν���:�OZ����W^���zw"z��m�~r���n�m�ޗ��ئ{����+{��۝!�g��������Zj�x׾&�ث�Nu���q�j����h��8ז�m�~���g���i������)��m�m�ޗ��ئ{������*'�n���(�����i���z����j��(���m�~���g����m�~���g��n����;ӟ:�Ǽپyw��{Nm���<o�����z��u�܉�����͸ҷ�zw�j�+����)��]tm�ޗ�^��Z���F�m�~�驕�^�n5m�ޗ�^��Z���KޮȨ���ҷ��[�vm�����"���ɪ�H�o�i���צ�V�{��m�ޗ�^��Z��ۭ-�7^�w�w^���������}}���m_oV�{~^�g^���zw"z��m�~���g�ۭi����ڽ��{��Ѷ�z_�ʗ��n�m�����%�֬��{ᶛz_���ޮǺ�F�m�~���z��_4m�ޗ�kj�����V�m�~���z��n���슉�ۭ+z�%��a��l��ނ+-�,��zd��&���z_���ޮǿ���m�~���z������3㦽q�{y��g<{�4뇶wg|wG��~{맞u�^�קr'�m�ޗ�(u���n�m�ޗ鞲Ơzζ�F�m�~���g�ۭi���ܩzζ�F�o)h��|�כ���	hm�l�_4�{ڮ&��m���Z�5��m�~�*^��4m�ޗ�r��:��i���ܩzε�F�m�~�*^���ն�z_�ʗ��n���슉�ۭ+z�%��a��l��ނ+-�,��zd��&���z_�ʗ����i���ܩzϺۭ-�6�oN��o�^o���띶����4�}���^���zw"z��m�~���g�ۭ��b�ʹ�Zj�x׾-��ڲߩ��^�؞�]7m�����/z�"�~��J޲�oy�m��?�����k�&��� r��m������o)h���K`ͧ�v�����5{�:߇ukG�y�8�[��^ݶ�jww隵�u�KޮȨ�]4��(�����i���z����j��(��ڕ��yߦj�!���jV�q�~��\��t��3���w_}i��y�=u�z��ٿ=q�:���o��m��]u��슉��]�z�%��a��l��ނ+-�,��zd��&���{��m��Mu��3��^�ǝ׎[��yկtu�;�������u�^�קr'�q�!{�ڱ�t��Z�Ϯ�)l�~\�jh����颶׫�m]y��{�k����-t�+(n7��}5�,b��^z�vҖ�q�\jǴ�Vܯ*m���u�t����*'�M�z�%��a��l��ނ+-�,��zd��&��+ʛ~����m��ߩnG_�]6���}5w=o����[���Ƶխ���{~�{םz��u�܉�-�筝�%�^7m���~׫�(�]t��슉��J޲�oy�m��?�����k�&��� r��m���~׫�(���m���~׫�(��u��3�}z��yk�x�Gu߽6q�y�zk_4��zu�Zn(>�{^����^�z�"�}zߪ޲�oy�m��?�����k�&��� r��n(>�{^������觵���z߫`Ͽ:�];�n�w��ߞysN�w�vv��V�鸧j���KޮȨ�M���(�����i���z����j��(��❪���ۊv���7��3�����s������o�wq��iלi��u�^�קr'�n��z�4�W!j)�k5ѹu�KޮȨ�]���(�����i���z����j��(�����ۗ�v��3k^��]{׽t��;�]y��y�uo{sM�i�\u�^�קr'���i�^��ky��ߛ}�ޯ�un]<����*'�ͫz�%��a��l��ނ+-�,��zd��&������O6�����q�<wV�����<i��V�}�^�κ{��z��u�܉�+y�ZnW����jmtۦ���������*'ߎ�z�%��a�������k�zf��+���������ny��w����3���{O[���wOw��{���Z��9}��nx��M�;8�F��5չ㳎4��슉��_+z�%��a��l��ނ+-�,��zd��&�����nx���u��3��^�כ���W������O[�nwoV�㍟n�^�]t��슉��J޲�oy�m��?�����k�&��� r��n�^���n�^��w��3�:sZ���\�V��g���g^o��kmu�^�קr'�j{"��b�}��ƦzW��4��Z�M���b��1z�t��k�x>�'m�m4����ȳ{]��'^�ߥ�w��F�iǾ{Z�Ȩ�]{��슉��]kz�%��a��l��ނ+-�,��zd��&���q�Ɩ��*'��ۭ���ij{"���]m�=�����w��ۧ�wg�ٿz���۽^o�5u�^���zw"z�ڕ��yߦj�!�M�w�隧M5n��z�|����*'��kz�%��a��l��ނ+-�,��zd��&���q�?���iǬ�_9��k���g������]���]^�^�~�����z��u�܉�Ɩ�w�ڞ��Zkzǫ��6ҷ�y�~zW�z{u�f�iǬ�}oz�"�}�ڷ��[�vm�����"���ɪ�H�oۭ����n��z϶�k`ϟ{��w^w���^���u�Zm�����y���שzw^�Ȟ�����Z�ק�]��������g������Z�Z0�M_�Y~���{�4����-�Mkz����zg��]v�v�v���}<��ڥ�ڂ����^�Ml�X���k�x7�kh���{�պ譩��Moz�"�}uҷ��[�vm�����"���ɪ�H�oۮ�ڝ����譩��]t���͹y��Ѯ9{w7�w���kF�q�{om��Wۮ�e��"��4����*'�M�z�%��a��l��ނ+-�,��zd��&���X��,���ۮ�e��"���k`ϖ�m�6�m���_o�}�5�_6{��v�s��mשzw^�Ȟ�۩��^�Mu�[h������ǫ���q�,��g��kޮȨ�Mv��(�����i���z����j��(�����k�Ǭ��k�)���ۮ�,z�����ϡ�ئ{�5��3�n]�ƹ�����٭8i�=�_;}Ǽi���n�0�����(����]�z�"�}u�z޲�oy�m��?�����k�&��� r��n�0�����(��������޲�o{�u�{`���q��wG��G�q�:m���޵ۇv�|�F��שzw^�Ȟ����[��^ۮ�,z���枳]4n�0���/�z�t����*'�m+z�%��a�������k�zf��+����'������ۮ�,z���枳�v��3�n�ߎ���4�֛s}4�m=��o�w��y�<u�^�קr'�n��z����t�ȩ���m��M��{�Z�u������z�h���x����ʹ�Ɵ{��}���M[��,z����"���M/z�"�}tַ��[�vm�����"���ɪ�H�oۮ�,z����"����ۮ�,z����"���]5��w�;��[�}֛q��q����k]�����z��u�܉���,z���枳]8n�0���/�z�t������z�h���F��'��׬�M/z�"�}tڷ��[�vm�����"���ɪ�H�oۮ�,z����^���n�0���/�zϵ�k`�v���_��7��7罟�κ�N7��k���w�qשzw^�Ȟ�ȩ���m��M]z���M"����6�[}�ޯ�vn�0���/��]4��슉��J޲�oy�m��?�����k�&��� r��n�0���/����n�0���/���t��3N�i��o]��{קt뮶������}ukޟu�^�קr'���ޗ���2�צ�Mez���;6�y^��n�M|ٺ��ǫ����Ƹ�KޮȨ��5��(�����i��ނ+-�)�;(�ۮ�,z�����k��n�0���/�����[`�m^Ѧ�i���M�q��i���~z�����5ߞv�שzw^�Ȟ��㳍t��ݢf��6�V��'��Ƞ��4��슉�ӊ޲�oy�m��?�����k�&��� r��n�0���/��	�����'��Ƞ��4��3i�o�����i�����������wwo|u�^�קr'�nx��][��,z�����k�4r����j�u�G+y�^��s]vzYb�؜�M"����6�ZZ�Ǿj���M��,z�%��w۫ޮȨ�}���(�����i���z����j��(�����b�������ǫ�X������3oM4�~�w�;����v�������_��{��:u�^�קr'�q��Ǿ�+^�M��M<㇥y�k����!����mw��z������*'�M+z�%��a��l��ނ+-�,��zd��&�����nǫ�m4��i��ww���u��8}�;i��������㶵�_]z��u�܉�'�׾�{z�N4n��X�{]4��슉��J޲�oy�m��?�����k�&��� r��n��X�{��n��X�{�t��3�~��Zן4�mt}�}�6��\��ui�]�}�n��z���Z���i���KޮȨ�]t��(�����i���z����j��(���}����e�Ϯ�Ɵ{��n��z���Z���i���]-�6���6駶�����Z۝�{N�u���m���}F�}����e��u����*'�m+z�%��a��l��ނ+-�,��zd��&���}��jYhs��n��z���Z�]����G]�G}�v��w���t{���V���[����z��u�܉���ޯ楖�>�{}�uѻ�}��~)e�M��ޯ��v��슉��z޲�oy�m��?�����k�&��� r��n��z��������}��zξ���7��~;o͝��w~����o����=�Gw�8ӆ�}������]4��슉��J޲�oy�m��?�����k�&��� r��n��z���Y���}�������t��3������|�ǟ���ӗ�~��ǻ�mvٽ�n��z������KޮȨ�]u��(�����i���z����j��(���}�������n��z������]m�=��]�sM��\�g�o�tw�;mǜ����N�y��}���)�{��%����]4��슉��Z޲�oy�m��?�����k�&��� r��n��z���ױ����\��Y���}���)�{��%�����t��3k���N�{�x��x��u�ǻ������v����n��z���)��M/z�"�}tҷ��[�vm�����"���ɪ�H�o۹�ޯ�!�k?���}����b�ϵ�K`��{�Ƿ׽��θ��|�����7��N8k��ջ�}��Ɗ��{ޮȨ�]7��(�����i���z����j��(���}���+��۹�ޯ�h��t��3ۧ���u�m�o�w������o^w�]�_{�}n��z�4�[ޮȨ�Mu��(�����i���z����j��(���}�����n��z�>�]m�6���sv�w�zwzi���Z��<٦�m��[b��v�^�]4��슉��Z޲�oy�m��?�����k�&��� r��n襶)���n��?���[b��v�^��u��3۽Ӿ���sM�徹k������kn��ݟn襶)���n��6�KޮȨ�m4��(�����i���z����j��(���[b��v�^���n襶)���n��>�M-�>�o��姺玛w�^y���<o���v��n���r�m��Moz�"�}tַ��[�vm�����"���ɪ�H�o�i�^���{��q�!{�ڱ��[`�F���ׯ7��뭞{~�{��s�]��릛�שzw^�Ȟ��%��-����+"�]4r���w��禊�^�]���~��n{m:��>��n{]4����-�Mlz߯j[��M-����-����M��x���ږ��K���~��n{]4q�e�g����{]5��슉��Z޲�oy�m��?�����k�&��� r��q�e�g����{��q�e�g����{�t��3ۧv�ǚ�׷��\m׺�ntk^_�}\צ�w��q�ez��j�t�KޮȨ�Mt��(�����i���z����j��(���W�������q�ez��j�~�]-�?x��^���W�wwZkݸㆼ}�x{͹����^���zw"z��["��4�G�["��4�KޮȨ�M���(�����i���z����j��(���["��?���["��>�m-�6�i�zۭ��F�}��ֹ�|ۗ:���{~tq��["��6�KޮȨ�m4��(�����i���z����j��(���["��?���["��>�M-�=:y�8My�5�ּ��y��m��߭=ݽ��G��\jǷ�KޮȨ�}4��(�����i���z����j��(����\jǿ����\jǾ�M-�=�}���i�8����ݶ��Ɯ�n�F�ѧ��\jǸ�G��\jǸ�KޮȨ��t��(�����i���z����j��(����\jǿ����\jǾ�]-�7y㞷巵{}�獺��:�^�{�^�i��u��+�{�b��t�M4��8��슉��}4�O<淬�[�vm�����"���ɪ�H�o�jx��壘׿���+�{�b���}4�O<��3{�={��{���������޷��wٿy���8q�m���{��m/z�"�}vҷ��[�vm�����"���ɪ�H�o�j�n���+���۫{籊ߵ�K`�W9}�8���Ѧ���է;i�t�g�׽�m��}שzw^�Ȟ��/�}�q���,�]���슉��m+z�%��a��l��ނ+-�,��zd��&�ƬzW����q���,�Mv��3վ��͵}�8�}��n��}=ӯ=�m����W\r��ư�]/z�"�}5ҷ��[�vm�����"���ɪ�H�o܅����?��!j)�k��K`ϗ�o��Ɵ{�4�tw�6�]��ͼo��}�=�שzw^�Ȟ��ڽ��